
Microsoft Visual Studio Solution File, Format Version 12.00
# Visual Studio Version 17
VisualStudioVersion = 17.4.33205.214
MinimumVisualStudioVersion = 10.0.40219.1
Project("{9A19103F-16F7-4668-BE54-9A1E7A4F7556}") = "SpartaDungeonBattle", "SpartaDungeonBattle.csproj", "{3D75D6B8-CC69-436A-8FAA-E0C6A6FE097D}"
EndProject
Global
	GlobalSection(SolutionConfigurationPlatforms) = preSolution
		Debug|Any CPU = Debug|Any CPU
		Release|Any CPU = Release|Any CPU
	EndGlobalSection
	GlobalSection(ProjectConfigurationPlatforms) = postSolution
		{3D75D6B8-CC69-436A-8FAA-E0C6A6FE097D}.Debug|Any CPU.ActiveCfg = Debug|Any CPU
		{3D75D6B8-CC69-436A-8FAA-E0C6A6FE097D}.Debug|Any CPU.Build.0 = Debug|Any CPU
		{3D75D6B8-CC69-436A-8FAA-E0C6A6FE097D}.Release|Any CPU.ActiveCfg = Release|Any CPU
		{3D75D6B8-CC69-436A-8FAA-E0C6A6FE097D}.Release|Any CPU.Build.0 = Release|Any CPU
	EndGlobalSection
	GlobalSection(SolutionProperties) = preSolution
		HideSolutionNode = FALSE
	EndGlobalSection
	GlobalSection(ExtensibilityGlobals) = postSolution
		SolutionGuid = {C77F1501-CDD3-4B2A-B8A3-04D55CC4B497}
	EndGlobalSection
EndGlobal
